
Microsoft Visual Studio Solution File, Format Version 12.00
# Visual Studio 2012
Project("{FAE04EC0-301F-11D3-BF4B-00C04F79EFBC}") = "Univ", "Univ\Univ.csproj", "{11C051EC-AA5E-4517-B8CC-9D35762B9919}"
EndProject
Project("{CC5FD16D-436D-48AD-A40C-5A424C6E3E79}") = "Univ.Azure", "Univ.Azure\Univ.Azure.ccproj", "{E35699F6-1674-4DB7-B0F8-4242073F13B5}"
EndProject
Global
	GlobalSection(SolutionConfigurationPlatforms) = preSolution
		Debug|Any CPU = Debug|Any CPU
		Release|Any CPU = Release|Any CPU
	EndGlobalSection
	GlobalSection(ProjectConfigurationPlatforms) = postSolution
		{11C051EC-AA5E-4517-B8CC-9D35762B9919}.Debug|Any CPU.ActiveCfg = Debug|Any CPU
		{11C051EC-AA5E-4517-B8CC-9D35762B9919}.Debug|Any CPU.Build.0 = Debug|Any CPU
		{11C051EC-AA5E-4517-B8CC-9D35762B9919}.Release|Any CPU.ActiveCfg = Release|Any CPU
		{11C051EC-AA5E-4517-B8CC-9D35762B9919}.Release|Any CPU.Build.0 = Release|Any CPU
		{E35699F6-1674-4DB7-B0F8-4242073F13B5}.Debug|Any CPU.ActiveCfg = Debug|Any CPU
		{E35699F6-1674-4DB7-B0F8-4242073F13B5}.Debug|Any CPU.Build.0 = Debug|Any CPU
		{E35699F6-1674-4DB7-B0F8-4242073F13B5}.Release|Any CPU.ActiveCfg = Release|Any CPU
		{E35699F6-1674-4DB7-B0F8-4242073F13B5}.Release|Any CPU.Build.0 = Release|Any CPU
	EndGlobalSection
	GlobalSection(SolutionProperties) = preSolution
		HideSolutionNode = FALSE
	EndGlobalSection
EndGlobal
