
Microsoft Visual Studio Solution File, Format Version 12.00
# Visual Studio 14
VisualStudioVersion = 14.0.23107.0
MinimumVisualStudioVersion = 10.0.40219.1
Project("{FAE04EC0-301F-11D3-BF4B-00C04F79EFBC}") = "Signupsworker", "Signupsworker\Signupsworker.csproj", "{D559E1DD-EB50-401D-8390-1741BEEE18CA}"
EndProject
Project("{FAE04EC0-301F-11D3-BF4B-00C04F79EFBC}") = "AzureTest", "AzureTest\AzureTest.csproj", "{2A766B6D-8F2C-4063-BDAE-95367FBD1272}"
EndProject
Project("{CC5FD16D-436D-48AD-A40C-5A424C6E3E79}") = "AzureTest.Azure", "AzureTest.Azure\AzureTest.Azure.ccproj", "{2973DFE5-879F-4910-95FB-C077DF60367B}"
EndProject
Project("{FAE04EC0-301F-11D3-BF4B-00C04F79EFBC}") = "UnivB", "UnivB\UnivB.csproj", "{4D97F69E-338D-45DD-90B0-F3169F200BA6}"
EndProject
Project("{CC5FD16D-436D-48AD-A40C-5A424C6E3E79}") = "UnivB.Azure", "UnivB.Azure\UnivB.Azure.ccproj", "{0828435F-D29D-4579-858F-5300D5F24E70}"
EndProject
Global
	GlobalSection(SolutionConfigurationPlatforms) = preSolution
		Debug|Any CPU = Debug|Any CPU
		Release|Any CPU = Release|Any CPU
	EndGlobalSection
	GlobalSection(ProjectConfigurationPlatforms) = postSolution
		{D559E1DD-EB50-401D-8390-1741BEEE18CA}.Debug|Any CPU.ActiveCfg = Debug|Any CPU
		{D559E1DD-EB50-401D-8390-1741BEEE18CA}.Debug|Any CPU.Build.0 = Debug|Any CPU
		{D559E1DD-EB50-401D-8390-1741BEEE18CA}.Release|Any CPU.ActiveCfg = Release|Any CPU
		{D559E1DD-EB50-401D-8390-1741BEEE18CA}.Release|Any CPU.Build.0 = Release|Any CPU
		{2A766B6D-8F2C-4063-BDAE-95367FBD1272}.Debug|Any CPU.ActiveCfg = Debug|Any CPU
		{2A766B6D-8F2C-4063-BDAE-95367FBD1272}.Debug|Any CPU.Build.0 = Debug|Any CPU
		{2A766B6D-8F2C-4063-BDAE-95367FBD1272}.Release|Any CPU.ActiveCfg = Release|Any CPU
		{2A766B6D-8F2C-4063-BDAE-95367FBD1272}.Release|Any CPU.Build.0 = Release|Any CPU
		{2973DFE5-879F-4910-95FB-C077DF60367B}.Debug|Any CPU.ActiveCfg = Debug|Any CPU
		{2973DFE5-879F-4910-95FB-C077DF60367B}.Debug|Any CPU.Build.0 = Debug|Any CPU
		{2973DFE5-879F-4910-95FB-C077DF60367B}.Release|Any CPU.ActiveCfg = Release|Any CPU
		{2973DFE5-879F-4910-95FB-C077DF60367B}.Release|Any CPU.Build.0 = Release|Any CPU
		{4D97F69E-338D-45DD-90B0-F3169F200BA6}.Debug|Any CPU.ActiveCfg = Debug|Any CPU
		{4D97F69E-338D-45DD-90B0-F3169F200BA6}.Debug|Any CPU.Build.0 = Debug|Any CPU
		{4D97F69E-338D-45DD-90B0-F3169F200BA6}.Release|Any CPU.ActiveCfg = Release|Any CPU
		{4D97F69E-338D-45DD-90B0-F3169F200BA6}.Release|Any CPU.Build.0 = Release|Any CPU
		{0828435F-D29D-4579-858F-5300D5F24E70}.Debug|Any CPU.ActiveCfg = Debug|Any CPU
		{0828435F-D29D-4579-858F-5300D5F24E70}.Debug|Any CPU.Build.0 = Debug|Any CPU
		{0828435F-D29D-4579-858F-5300D5F24E70}.Release|Any CPU.ActiveCfg = Release|Any CPU
		{0828435F-D29D-4579-858F-5300D5F24E70}.Release|Any CPU.Build.0 = Release|Any CPU
	EndGlobalSection
	GlobalSection(SolutionProperties) = preSolution
		HideSolutionNode = FALSE
	EndGlobalSection
EndGlobal
