
Microsoft Visual Studio Solution File, Format Version 12.00
# Visual Studio 14
VisualStudioVersion = 14.0.23107.0
MinimumVisualStudioVersion = 10.0.40219.1
Project("{FAE04EC0-301F-11D3-BF4B-00C04F79EFBC}") = "UpAndRunningAzure", "UpAndRunningAzure\UpAndRunningAzure.csproj", "{2354A549-33A8-4867-9FD1-84B43269F427}"
EndProject
Project("{FAE04EC0-301F-11D3-BF4B-00C04F79EFBC}") = "Univ", "Univ\Univ.csproj", "{11C051EC-AA5E-4517-B8CC-9D35762B9919}"
EndProject
Project("{CC5FD16D-436D-48AD-A40C-5A424C6E3E79}") = "AzureCloudService1", "AzureCloudService1\AzureCloudService1.ccproj", "{814D286E-946C-449A-9218-A5D204CD0A8E}"
EndProject
Project("{FAE04EC0-301F-11D3-BF4B-00C04F79EFBC}") = "Signupsworker", "Signupsworker\Signupsworker.csproj", "{D559E1DD-EB50-401D-8390-1741BEEE18CA}"
EndProject
Global
	GlobalSection(SolutionConfigurationPlatforms) = preSolution
		Debug|Any CPU = Debug|Any CPU
		Release|Any CPU = Release|Any CPU
	EndGlobalSection
	GlobalSection(ProjectConfigurationPlatforms) = postSolution
		{2354A549-33A8-4867-9FD1-84B43269F427}.Debug|Any CPU.ActiveCfg = Debug|Any CPU
		{2354A549-33A8-4867-9FD1-84B43269F427}.Debug|Any CPU.Build.0 = Debug|Any CPU
		{2354A549-33A8-4867-9FD1-84B43269F427}.Release|Any CPU.ActiveCfg = Release|Any CPU
		{2354A549-33A8-4867-9FD1-84B43269F427}.Release|Any CPU.Build.0 = Release|Any CPU
		{11C051EC-AA5E-4517-B8CC-9D35762B9919}.Debug|Any CPU.ActiveCfg = Debug|Any CPU
		{11C051EC-AA5E-4517-B8CC-9D35762B9919}.Debug|Any CPU.Build.0 = Debug|Any CPU
		{11C051EC-AA5E-4517-B8CC-9D35762B9919}.Release|Any CPU.ActiveCfg = Release|Any CPU
		{11C051EC-AA5E-4517-B8CC-9D35762B9919}.Release|Any CPU.Build.0 = Release|Any CPU
		{814D286E-946C-449A-9218-A5D204CD0A8E}.Debug|Any CPU.ActiveCfg = Debug|Any CPU
		{814D286E-946C-449A-9218-A5D204CD0A8E}.Debug|Any CPU.Build.0 = Debug|Any CPU
		{814D286E-946C-449A-9218-A5D204CD0A8E}.Release|Any CPU.ActiveCfg = Release|Any CPU
		{814D286E-946C-449A-9218-A5D204CD0A8E}.Release|Any CPU.Build.0 = Release|Any CPU
		{D559E1DD-EB50-401D-8390-1741BEEE18CA}.Debug|Any CPU.ActiveCfg = Debug|Any CPU
		{D559E1DD-EB50-401D-8390-1741BEEE18CA}.Debug|Any CPU.Build.0 = Debug|Any CPU
		{D559E1DD-EB50-401D-8390-1741BEEE18CA}.Release|Any CPU.ActiveCfg = Release|Any CPU
		{D559E1DD-EB50-401D-8390-1741BEEE18CA}.Release|Any CPU.Build.0 = Release|Any CPU
	EndGlobalSection
	GlobalSection(SolutionProperties) = preSolution
		HideSolutionNode = FALSE
	EndGlobalSection
EndGlobal
